
Microsoft Visual Studio Solution File, Format Version 12.00
# Visual Studio Version 17
VisualStudioVersion = 17.0.31903.59
MinimumVisualStudioVersion = 10.0.40219.1
Project("{9A19103F-16F7-4668-BE54-9A1E7A4F7556}") = "LayoutsInWpf", "LayoutsInWpf\LayoutsInWpf.csproj", "{8278E141-9650-4090-84FF-26FE49D58213}"
EndProject
Project("{9A19103F-16F7-4668-BE54-9A1E7A4F7556}") = "ControlsInWpf", "ControlsInWpf\ControlsInWpf.csproj", "{82462BC9-608F-46EF-8E5E-18BBE9492934}"
EndProject
Project("{9A19103F-16F7-4668-BE54-9A1E7A4F7556}") = "DependencyProperties", "DependencyProperties\DependencyProperties.csproj", "{6CA1CEC0-5415-47FA-9B45-5C1FD8A3CCF9}"
EndProject
Project("{9A19103F-16F7-4668-BE54-9A1E7A4F7556}") = "RelativeSourceInWpf", "RelativeSourceInWpf\RelativeSourceInWpf.csproj", "{DBF20017-3CDF-4858-AFD9-8EBAEF64429F}"
EndProject
Project("{FAE04EC0-301F-11D3-BF4B-00C04F79EFBC}") = "ResourcesInWpf", "ResourcesInWpf\ResourcesInWpf.csproj", "{9F7E77B9-BE57-4FF4-B49B-09D7CD42CD74}"
EndProject
Project("{FAE04EC0-301F-11D3-BF4B-00C04F79EFBC}") = "ResourcesDictionaryInWpf", "ResourcesDictionaryInWpf\ResourcesDictionaryInWpf.csproj", "{5243DB16-8924-4996-B6AC-95875A99A842}"
EndProject
Project("{2150E333-8FDC-42A3-9474-1A3956D46DE8}") = "DataBindings", "DataBindings", "{2773B862-3715-4A34-9907-B55ABDB65718}"
EndProject
Project("{FAE04EC0-301F-11D3-BF4B-00C04F79EFBC}") = "BasicDataBindings", "BasicDataBindings\BasicDataBindings.csproj", "{48146EC5-F31F-49A1-A329-D459D54C9E1F}"
EndProject
Project("{FAE04EC0-301F-11D3-BF4B-00C04F79EFBC}") = "DataBindingProj01", "DataBindingProj01\DataBindingProj01.csproj", "{64CD5C6A-9D33-410D-A3A0-8DED850EB442}"
EndProject
Project("{FAE04EC0-301F-11D3-BF4B-00C04F79EFBC}") = "SDKSample", "SDKSample\SDKSample.csproj", "{477CF4A5-2188-4357-9E59-B9D58A31E676}"
EndProject
Project("{2150E333-8FDC-42A3-9474-1A3956D46DE8}") = "Triggers", "Triggers", "{43D5AE8E-DE81-49DD-8B70-A5768C088377}"
EndProject
Project("{FAE04EC0-301F-11D3-BF4B-00C04F79EFBC}") = "BasicTriggers", "BasicTriggers\BasicTriggers.csproj", "{209E0A93-B2B3-41A2-AE13-F1E80CCB5F33}"
EndProject
Project("{2150E333-8FDC-42A3-9474-1A3956D46DE8}") = "ErrorAndValidation", "ErrorAndValidation", "{E729D644-5DED-4315-A7C1-5C54B7CEF99C}"
EndProject
Project("{FAE04EC0-301F-11D3-BF4B-00C04F79EFBC}") = "A_Validation_ByException", "A_Validation_ByException\A_Validation_ByException.csproj", "{9CF9510C-7E87-4D77-BC43-6A5EFA3252EB}"
EndProject
Project("{FAE04EC0-301F-11D3-BF4B-00C04F79EFBC}") = "B_Validation_ByDataErrorInfo", "B_Validation_ByDataErrorInfo\B_Validation_ByDataErrorInfo.csproj", "{490CD5F5-6548-419C-A4E7-F948DBCB0DD1}"
EndProject
Project("{FAE04EC0-301F-11D3-BF4B-00C04F79EFBC}") = "C_Validation_ByCustom", "C_Validation_ByCustom\C_Validation_ByCustom.csproj", "{17621874-3871-40CA-9A75-1BCFDF2E62EE}"
EndProject
Project("{FAE04EC0-301F-11D3-BF4B-00C04F79EFBC}") = "D_Validation_ByAnnotation", "D_Validation_ByAnnotation\D_Validation_ByAnnotation.csproj", "{6D045B92-3AD2-41D8-8418-672E753BFECB}"
EndProject
Global
	GlobalSection(SolutionConfigurationPlatforms) = preSolution
		Debug|Any CPU = Debug|Any CPU
		Release|Any CPU = Release|Any CPU
	EndGlobalSection
	GlobalSection(ProjectConfigurationPlatforms) = postSolution
		{8278E141-9650-4090-84FF-26FE49D58213}.Debug|Any CPU.ActiveCfg = Debug|Any CPU
		{8278E141-9650-4090-84FF-26FE49D58213}.Debug|Any CPU.Build.0 = Debug|Any CPU
		{8278E141-9650-4090-84FF-26FE49D58213}.Release|Any CPU.ActiveCfg = Release|Any CPU
		{8278E141-9650-4090-84FF-26FE49D58213}.Release|Any CPU.Build.0 = Release|Any CPU
		{82462BC9-608F-46EF-8E5E-18BBE9492934}.Debug|Any CPU.ActiveCfg = Debug|Any CPU
		{82462BC9-608F-46EF-8E5E-18BBE9492934}.Debug|Any CPU.Build.0 = Debug|Any CPU
		{82462BC9-608F-46EF-8E5E-18BBE9492934}.Release|Any CPU.ActiveCfg = Release|Any CPU
		{82462BC9-608F-46EF-8E5E-18BBE9492934}.Release|Any CPU.Build.0 = Release|Any CPU
		{6CA1CEC0-5415-47FA-9B45-5C1FD8A3CCF9}.Debug|Any CPU.ActiveCfg = Debug|Any CPU
		{6CA1CEC0-5415-47FA-9B45-5C1FD8A3CCF9}.Debug|Any CPU.Build.0 = Debug|Any CPU
		{6CA1CEC0-5415-47FA-9B45-5C1FD8A3CCF9}.Release|Any CPU.ActiveCfg = Release|Any CPU
		{6CA1CEC0-5415-47FA-9B45-5C1FD8A3CCF9}.Release|Any CPU.Build.0 = Release|Any CPU
		{DBF20017-3CDF-4858-AFD9-8EBAEF64429F}.Debug|Any CPU.ActiveCfg = Debug|Any CPU
		{DBF20017-3CDF-4858-AFD9-8EBAEF64429F}.Debug|Any CPU.Build.0 = Debug|Any CPU
		{DBF20017-3CDF-4858-AFD9-8EBAEF64429F}.Release|Any CPU.ActiveCfg = Release|Any CPU
		{DBF20017-3CDF-4858-AFD9-8EBAEF64429F}.Release|Any CPU.Build.0 = Release|Any CPU
		{9F7E77B9-BE57-4FF4-B49B-09D7CD42CD74}.Debug|Any CPU.ActiveCfg = Debug|Any CPU
		{9F7E77B9-BE57-4FF4-B49B-09D7CD42CD74}.Debug|Any CPU.Build.0 = Debug|Any CPU
		{9F7E77B9-BE57-4FF4-B49B-09D7CD42CD74}.Release|Any CPU.ActiveCfg = Release|Any CPU
		{9F7E77B9-BE57-4FF4-B49B-09D7CD42CD74}.Release|Any CPU.Build.0 = Release|Any CPU
		{5243DB16-8924-4996-B6AC-95875A99A842}.Debug|Any CPU.ActiveCfg = Debug|Any CPU
		{5243DB16-8924-4996-B6AC-95875A99A842}.Debug|Any CPU.Build.0 = Debug|Any CPU
		{5243DB16-8924-4996-B6AC-95875A99A842}.Release|Any CPU.ActiveCfg = Release|Any CPU
		{5243DB16-8924-4996-B6AC-95875A99A842}.Release|Any CPU.Build.0 = Release|Any CPU
		{48146EC5-F31F-49A1-A329-D459D54C9E1F}.Debug|Any CPU.ActiveCfg = Debug|Any CPU
		{48146EC5-F31F-49A1-A329-D459D54C9E1F}.Debug|Any CPU.Build.0 = Debug|Any CPU
		{48146EC5-F31F-49A1-A329-D459D54C9E1F}.Release|Any CPU.ActiveCfg = Release|Any CPU
		{48146EC5-F31F-49A1-A329-D459D54C9E1F}.Release|Any CPU.Build.0 = Release|Any CPU
		{64CD5C6A-9D33-410D-A3A0-8DED850EB442}.Debug|Any CPU.ActiveCfg = Debug|Any CPU
		{64CD5C6A-9D33-410D-A3A0-8DED850EB442}.Debug|Any CPU.Build.0 = Debug|Any CPU
		{64CD5C6A-9D33-410D-A3A0-8DED850EB442}.Release|Any CPU.ActiveCfg = Release|Any CPU
		{64CD5C6A-9D33-410D-A3A0-8DED850EB442}.Release|Any CPU.Build.0 = Release|Any CPU
		{477CF4A5-2188-4357-9E59-B9D58A31E676}.Debug|Any CPU.ActiveCfg = Debug|Any CPU
		{477CF4A5-2188-4357-9E59-B9D58A31E676}.Debug|Any CPU.Build.0 = Debug|Any CPU
		{477CF4A5-2188-4357-9E59-B9D58A31E676}.Release|Any CPU.ActiveCfg = Release|Any CPU
		{477CF4A5-2188-4357-9E59-B9D58A31E676}.Release|Any CPU.Build.0 = Release|Any CPU
		{209E0A93-B2B3-41A2-AE13-F1E80CCB5F33}.Debug|Any CPU.ActiveCfg = Debug|Any CPU
		{209E0A93-B2B3-41A2-AE13-F1E80CCB5F33}.Debug|Any CPU.Build.0 = Debug|Any CPU
		{209E0A93-B2B3-41A2-AE13-F1E80CCB5F33}.Release|Any CPU.ActiveCfg = Release|Any CPU
		{209E0A93-B2B3-41A2-AE13-F1E80CCB5F33}.Release|Any CPU.Build.0 = Release|Any CPU
		{9CF9510C-7E87-4D77-BC43-6A5EFA3252EB}.Debug|Any CPU.ActiveCfg = Debug|Any CPU
		{9CF9510C-7E87-4D77-BC43-6A5EFA3252EB}.Debug|Any CPU.Build.0 = Debug|Any CPU
		{9CF9510C-7E87-4D77-BC43-6A5EFA3252EB}.Release|Any CPU.ActiveCfg = Release|Any CPU
		{9CF9510C-7E87-4D77-BC43-6A5EFA3252EB}.Release|Any CPU.Build.0 = Release|Any CPU
		{490CD5F5-6548-419C-A4E7-F948DBCB0DD1}.Debug|Any CPU.ActiveCfg = Debug|Any CPU
		{490CD5F5-6548-419C-A4E7-F948DBCB0DD1}.Debug|Any CPU.Build.0 = Debug|Any CPU
		{490CD5F5-6548-419C-A4E7-F948DBCB0DD1}.Release|Any CPU.ActiveCfg = Release|Any CPU
		{490CD5F5-6548-419C-A4E7-F948DBCB0DD1}.Release|Any CPU.Build.0 = Release|Any CPU
		{17621874-3871-40CA-9A75-1BCFDF2E62EE}.Debug|Any CPU.ActiveCfg = Debug|Any CPU
		{17621874-3871-40CA-9A75-1BCFDF2E62EE}.Debug|Any CPU.Build.0 = Debug|Any CPU
		{17621874-3871-40CA-9A75-1BCFDF2E62EE}.Release|Any CPU.ActiveCfg = Release|Any CPU
		{17621874-3871-40CA-9A75-1BCFDF2E62EE}.Release|Any CPU.Build.0 = Release|Any CPU
		{6D045B92-3AD2-41D8-8418-672E753BFECB}.Debug|Any CPU.ActiveCfg = Debug|Any CPU
		{6D045B92-3AD2-41D8-8418-672E753BFECB}.Debug|Any CPU.Build.0 = Debug|Any CPU
		{6D045B92-3AD2-41D8-8418-672E753BFECB}.Release|Any CPU.ActiveCfg = Release|Any CPU
		{6D045B92-3AD2-41D8-8418-672E753BFECB}.Release|Any CPU.Build.0 = Release|Any CPU
	EndGlobalSection
	GlobalSection(SolutionProperties) = preSolution
		HideSolutionNode = FALSE
	EndGlobalSection
	GlobalSection(NestedProjects) = preSolution
		{48146EC5-F31F-49A1-A329-D459D54C9E1F} = {2773B862-3715-4A34-9907-B55ABDB65718}
		{64CD5C6A-9D33-410D-A3A0-8DED850EB442} = {2773B862-3715-4A34-9907-B55ABDB65718}
		{477CF4A5-2188-4357-9E59-B9D58A31E676} = {2773B862-3715-4A34-9907-B55ABDB65718}
		{209E0A93-B2B3-41A2-AE13-F1E80CCB5F33} = {43D5AE8E-DE81-49DD-8B70-A5768C088377}
		{9CF9510C-7E87-4D77-BC43-6A5EFA3252EB} = {E729D644-5DED-4315-A7C1-5C54B7CEF99C}
		{490CD5F5-6548-419C-A4E7-F948DBCB0DD1} = {E729D644-5DED-4315-A7C1-5C54B7CEF99C}
		{17621874-3871-40CA-9A75-1BCFDF2E62EE} = {E729D644-5DED-4315-A7C1-5C54B7CEF99C}
		{6D045B92-3AD2-41D8-8418-672E753BFECB} = {E729D644-5DED-4315-A7C1-5C54B7CEF99C}
	EndGlobalSection
	GlobalSection(ExtensibilityGlobals) = postSolution
		SolutionGuid = {765609BB-606C-466E-8F3A-4829F50CD365}
	EndGlobalSection
EndGlobal
